PODS:
  - carbonvoice_audio (1.0.2):
    - CarbonVoiceAudio (~> 1.0.1)
    - Flutter
  - CarbonVoiceAudio (1.0.1)
  - Flutter (1.0.0)

DEPENDENCIES:
  - carbonvoice_audio (from `.symlinks/plugins/carbonvoice_audio/ios`)
  - Flutter (from `Flutter`)

SPEC REPOS:
  trunk:
    - CarbonVoiceAudio

EXTERNAL SOURCES:
  carbonvoice_audio:
    :path: ".symlinks/plugins/carbonvoice_audio/ios"
  Flutter:
    :path: Flutter

SPEC CHECKSUMS:
  carbonvoice_audio: 42d46027fe25673b9e65dc65ccdaebcb2b5f7e08
  CarbonVoiceAudio: 309212d182a6aa125d2df9ab7c8dbcb697dcb3b3
  Flutter: 50d75fe2f02b26cc09d224853bb45737f8b3214a

PODFILE CHECKSUM: 7368163408c647b7eb699d0d788ba6718e18fb8d

COCOAPODS: 1.11.2
