PODS:
  - carbonvoice_audio (1.0.6):
    - CarbonVoiceAudio (~> 1.1.7)
    - Flutter
  - CarbonVoiceAudio (1.1.7)
  - Flutter (1.0.0)

DEPENDENCIES:
  - carbonvoice_audio (from `.symlinks/plugins/carbonvoice_audio/ios`)
  - Flutter (from `Flutter`)

SPEC REPOS:
  trunk:
    - CarbonVoiceAudio

EXTERNAL SOURCES:
  carbonvoice_audio:
    :path: ".symlinks/plugins/carbonvoice_audio/ios"
  Flutter:
    :path: Flutter

SPEC CHECKSUMS:
  carbonvoice_audio: 117a22cdede0a4fa38a78757b9be4ce05e5a9eb2
  CarbonVoiceAudio: 7a4dfd7b993e0f91bb0d25fdb4d1573fbb6e6b96
  Flutter: 50d75fe2f02b26cc09d224853bb45737f8b3214a

PODFILE CHECKSUM: 7368163408c647b7eb699d0d788ba6718e18fb8d

COCOAPODS: 1.11.3
